
Microsoft Visual Studio Solution File, Format Version 12.00
# Visual Studio Version 17
VisualStudioVersion = 17.6.33829.357
MinimumVisualStudioVersion = 10.0.40219.1
Project("{2150E333-8FDC-42A3-9474-1A3956D46DE8}") = "Application", "Application", "{9F7C2E89-4A8F-4CAF-B859-BA9C2947B015}"
EndProject
Project("{2150E333-8FDC-42A3-9474-1A3956D46DE8}") = "Domain", "Domain", "{7D08383D-D1B9-4BB7-BE1A-B3E5A951D0FA}"
EndProject
Project("{2150E333-8FDC-42A3-9474-1A3956D46DE8}") = "Infra.Data", "Infra.Data", "{21169FF1-DC17-4E4E-90B0-27FAFFB2A0DC}"
EndProject
Project("{2150E333-8FDC-42A3-9474-1A3956D46DE8}") = "Infra.IoC", "Infra.IoC", "{09ACF3E7-3D8B-46DA-8051-EB498724C250}"
EndProject
Project("{2150E333-8FDC-42A3-9474-1A3956D46DE8}") = "WebApi", "WebApi", "{8E928E4A-4BE2-49B9-BD4F-1E4EE983E3EF}"
EndProject
Project("{9A19103F-16F7-4668-BE54-9A1E7A4F7556}") = "CleanDomain", "CleanDomain\CleanDomain.csproj", "{D85FA827-EE52-464A-8385-1F692D626B7C}"
EndProject
Project("{9A19103F-16F7-4668-BE54-9A1E7A4F7556}") = "Clean.Application", "Clean.Application\Clean.Application.csproj", "{28E71FE1-33AF-46B8-A0BD-B4AC93E30EE5}"
EndProject
Project("{9A19103F-16F7-4668-BE54-9A1E7A4F7556}") = "Clean.Infra.Data", "Clean.Infra.Data\Clean.Infra.Data.csproj", "{E12B7A4C-12C9-48DC-A957-0BE97C4C702F}"
EndProject
Project("{9A19103F-16F7-4668-BE54-9A1E7A4F7556}") = "Clean.WebApi", "Clean.WebApi\Clean.WebApi.csproj", "{A70A6DC9-C2A9-43C6-A4A4-0024C58303AB}"
EndProject
Project("{9A19103F-16F7-4668-BE54-9A1E7A4F7556}") = "Clean.Infra.IoC", "Clean.Infra.IoC\Clean.Infra.IoC.csproj", "{E5E11650-80D1-479D-BB47-03936A49778D}"
EndProject
Project("{9A19103F-16F7-4668-BE54-9A1E7A4F7556}") = "Clean.Domain.Core", "Clean.Domain.Core\Clean.Domain.Core.csproj", "{D05D3645-CE84-43C6-B9CC-52BCE1524B1D}"
EndProject
Project("{2150E333-8FDC-42A3-9474-1A3956D46DE8}") = "Infra.Bus", "Infra.Bus", "{1EFAF663-CEF5-4D86-82C2-B717E69DBFE2}"
EndProject
Project("{9A19103F-16F7-4668-BE54-9A1E7A4F7556}") = "Infra.Bus", "Infra.Bus\Infra.Bus.csproj", "{0FFD307A-F577-482C-9D99-BF94F7B3C9AC}"
EndProject
Project("{2150E333-8FDC-42A3-9474-1A3956D46DE8}") = "Testing", "Testing", "{A24A56D9-E88F-4027-913F-E4910FBE60DE}"
EndProject
Project("{FAE04EC0-301F-11D3-BF4B-00C04F79EFBC}") = "Clean.Testing", "Clean.Testing\Clean.Testing.csproj", "{185E4CC8-6A5E-49E4-87FC-20B47776E516}"
EndProject
Global
	GlobalSection(SolutionConfigurationPlatforms) = preSolution
		Debug|Any CPU = Debug|Any CPU
		Release|Any CPU = Release|Any CPU
	EndGlobalSection
	GlobalSection(ProjectConfigurationPlatforms) = postSolution
		{D85FA827-EE52-464A-8385-1F692D626B7C}.Debug|Any CPU.ActiveCfg = Debug|Any CPU
		{D85FA827-EE52-464A-8385-1F692D626B7C}.Debug|Any CPU.Build.0 = Debug|Any CPU
		{D85FA827-EE52-464A-8385-1F692D626B7C}.Release|Any CPU.ActiveCfg = Release|Any CPU
		{D85FA827-EE52-464A-8385-1F692D626B7C}.Release|Any CPU.Build.0 = Release|Any CPU
		{28E71FE1-33AF-46B8-A0BD-B4AC93E30EE5}.Debug|Any CPU.ActiveCfg = Debug|Any CPU
		{28E71FE1-33AF-46B8-A0BD-B4AC93E30EE5}.Debug|Any CPU.Build.0 = Debug|Any CPU
		{28E71FE1-33AF-46B8-A0BD-B4AC93E30EE5}.Release|Any CPU.ActiveCfg = Release|Any CPU
		{28E71FE1-33AF-46B8-A0BD-B4AC93E30EE5}.Release|Any CPU.Build.0 = Release|Any CPU
		{E12B7A4C-12C9-48DC-A957-0BE97C4C702F}.Debug|Any CPU.ActiveCfg = Debug|Any CPU
		{E12B7A4C-12C9-48DC-A957-0BE97C4C702F}.Debug|Any CPU.Build.0 = Debug|Any CPU
		{E12B7A4C-12C9-48DC-A957-0BE97C4C702F}.Release|Any CPU.ActiveCfg = Release|Any CPU
		{E12B7A4C-12C9-48DC-A957-0BE97C4C702F}.Release|Any CPU.Build.0 = Release|Any CPU
		{A70A6DC9-C2A9-43C6-A4A4-0024C58303AB}.Debug|Any CPU.ActiveCfg = Debug|Any CPU
		{A70A6DC9-C2A9-43C6-A4A4-0024C58303AB}.Debug|Any CPU.Build.0 = Debug|Any CPU
		{A70A6DC9-C2A9-43C6-A4A4-0024C58303AB}.Release|Any CPU.ActiveCfg = Release|Any CPU
		{A70A6DC9-C2A9-43C6-A4A4-0024C58303AB}.Release|Any CPU.Build.0 = Release|Any CPU
		{E5E11650-80D1-479D-BB47-03936A49778D}.Debug|Any CPU.ActiveCfg = Debug|Any CPU
		{E5E11650-80D1-479D-BB47-03936A49778D}.Debug|Any CPU.Build.0 = Debug|Any CPU
		{E5E11650-80D1-479D-BB47-03936A49778D}.Release|Any CPU.ActiveCfg = Release|Any CPU
		{E5E11650-80D1-479D-BB47-03936A49778D}.Release|Any CPU.Build.0 = Release|Any CPU
		{D05D3645-CE84-43C6-B9CC-52BCE1524B1D}.Debug|Any CPU.ActiveCfg = Debug|Any CPU
		{D05D3645-CE84-43C6-B9CC-52BCE1524B1D}.Debug|Any CPU.Build.0 = Debug|Any CPU
		{D05D3645-CE84-43C6-B9CC-52BCE1524B1D}.Release|Any CPU.ActiveCfg = Release|Any CPU
		{D05D3645-CE84-43C6-B9CC-52BCE1524B1D}.Release|Any CPU.Build.0 = Release|Any CPU
		{0FFD307A-F577-482C-9D99-BF94F7B3C9AC}.Debug|Any CPU.ActiveCfg = Debug|Any CPU
		{0FFD307A-F577-482C-9D99-BF94F7B3C9AC}.Debug|Any CPU.Build.0 = Debug|Any CPU
		{0FFD307A-F577-482C-9D99-BF94F7B3C9AC}.Release|Any CPU.ActiveCfg = Release|Any CPU
		{0FFD307A-F577-482C-9D99-BF94F7B3C9AC}.Release|Any CPU.Build.0 = Release|Any CPU
		{185E4CC8-6A5E-49E4-87FC-20B47776E516}.Debug|Any CPU.ActiveCfg = Debug|Any CPU
		{185E4CC8-6A5E-49E4-87FC-20B47776E516}.Debug|Any CPU.Build.0 = Debug|Any CPU
		{185E4CC8-6A5E-49E4-87FC-20B47776E516}.Release|Any CPU.ActiveCfg = Release|Any CPU
		{185E4CC8-6A5E-49E4-87FC-20B47776E516}.Release|Any CPU.Build.0 = Release|Any CPU
	EndGlobalSection
	GlobalSection(SolutionProperties) = preSolution
		HideSolutionNode = FALSE
	EndGlobalSection
	GlobalSection(NestedProjects) = preSolution
		{D85FA827-EE52-464A-8385-1F692D626B7C} = {7D08383D-D1B9-4BB7-BE1A-B3E5A951D0FA}
		{28E71FE1-33AF-46B8-A0BD-B4AC93E30EE5} = {9F7C2E89-4A8F-4CAF-B859-BA9C2947B015}
		{E12B7A4C-12C9-48DC-A957-0BE97C4C702F} = {21169FF1-DC17-4E4E-90B0-27FAFFB2A0DC}
		{A70A6DC9-C2A9-43C6-A4A4-0024C58303AB} = {8E928E4A-4BE2-49B9-BD4F-1E4EE983E3EF}
		{E5E11650-80D1-479D-BB47-03936A49778D} = {09ACF3E7-3D8B-46DA-8051-EB498724C250}
		{D05D3645-CE84-43C6-B9CC-52BCE1524B1D} = {7D08383D-D1B9-4BB7-BE1A-B3E5A951D0FA}
		{0FFD307A-F577-482C-9D99-BF94F7B3C9AC} = {1EFAF663-CEF5-4D86-82C2-B717E69DBFE2}
		{185E4CC8-6A5E-49E4-87FC-20B47776E516} = {A24A56D9-E88F-4027-913F-E4910FBE60DE}
	EndGlobalSection
	GlobalSection(ExtensibilityGlobals) = postSolution
		SolutionGuid = {00F9BDEA-108E-4D5A-A08B-F0C5DD7ADC46}
	EndGlobalSection
EndGlobal
